// !$*UTF8*$!
{
	archiveVersion = 1;
	classes = {
	};
	objectVersion = 46;
	objects = {

/* Begin PBXBuildFile section */
		31B8E7971E8219480060C030 /* libsqlite3.tbd in Frameworks */ = {isa = PBXBuildFile; fileRef = 31B8E7961E8219480060C030 /* libsqlite3.tbd */; };
		31B8E7AA1E821B270060C030 /* Info.plist in Resources */ = {isa = PBXBuildFile; fileRef = 31B8E7A41E821B270060C030 /* Info.plist */; };
		31C9641C1E8200B00072F37F /* MainViewController.swift in Sources */ = {isa = PBXBuildFile; fileRef = 31C9641B1E8200B00072F37F /* MainViewController.swift */; };
		A20FCFBF1E81B6EC00557A5C /* AppDelegate.swift in Sources */ = {isa = PBXBuildFile; fileRef = A20FCFBE1E81B6EC00557A5C /* AppDelegate.swift */; };
		A20FCFC61E81B6EC00557A5C /* Main.storyboard in Resources */ = {isa = PBXBuildFile; fileRef = A20FCFC41E81B6EC00557A5C /* Main.storyboard */; };
		A20FCFC81E81B6EC00557A5C /* Assets.xcassets in Resources */ = {isa = PBXBuildFile; fileRef = A20FCFC71E81B6EC00557A5C /* Assets.xcassets */; };
		A20FCFCB1E81B6EC00557A5C /* LaunchScreen.storyboard in Resources */ = {isa = PBXBuildFile; fileRef = A20FCFC91E81B6EC00557A5C /* LaunchScreen.storyboard */; };
		A20FCFD61E81B6EC00557A5C /* D_D_MasterTests.swift in Sources */ = {isa = PBXBuildFile; fileRef = A20FCFD51E81B6EC00557A5C /* D_D_MasterTests.swift */; };
		A20FCFE11E81B6EC00557A5C /* D_D_MasterUITests.swift in Sources */ = {isa = PBXBuildFile; fileRef = A20FCFE01E81B6EC00557A5C /* D_D_MasterUITests.swift */; };
		A2367DF11E82F9B9008BFC43 /* puente.m in Sources */ = {isa = PBXBuildFile; fileRef = A2367DF01E82F9B9008BFC43 /* puente.m */; };
		A237A4091E832087004D4E22 /* PickerController.swift in Sources */ = {isa = PBXBuildFile; fileRef = A237A4081E832087004D4E22 /* PickerController.swift */; };
/* End PBXBuildFile section */

/* Begin PBXContainerItemProxy section */
		A20FCFD21E81B6EC00557A5C /* PBXContainerItemProxy */ = {
			isa = PBXContainerItemProxy;
			containerPortal = A20FCFB31E81B6EB00557A5C /* Project object */;
			proxyType = 1;
			remoteGlobalIDString = A20FCFBA1E81B6EB00557A5C;
			remoteInfo = "D&D-Master";
		};
		A20FCFDD1E81B6EC00557A5C /* PBXContainerItemProxy */ = {
			isa = PBXContainerItemProxy;
			containerPortal = A20FCFB31E81B6EB00557A5C /* Project object */;
			proxyType = 1;
			remoteGlobalIDString = A20FCFBA1E81B6EB00557A5C;
			remoteInfo = "D&D-Master";
		};
/* End PBXContainerItemProxy section */

/* Begin PBXFileReference section */
		31B8E7961E8219480060C030 /* libsqlite3.tbd */ = {isa = PBXFileReference; lastKnownFileType = "sourcecode.text-based-dylib-definition"; name = libsqlite3.tbd; path = usr/lib/libsqlite3.tbd; sourceTree = SDKROOT; };
		31B8E7981E821B260060C030 /* D&D-Master-Bridging-Header.h */ = {isa = PBXFileReference; lastKnownFileType = sourcecode.c.h; path = "D&D-Master-Bridging-Header.h"; sourceTree = "<group>"; };
		31B8E7A41E821B270060C030 /* Info.plist */ = {isa = PBXFileReference; fileEncoding = 4; lastKnownFileType = text.plist.xml; name = Info.plist; path = fmdb/src/fmdb/Info.plist; sourceTree = "<group>"; };
		31C9641B1E8200B00072F37F /* MainViewController.swift */ = {isa = PBXFileReference; fileEncoding = 4; lastKnownFileType = sourcecode.swift; path = MainViewController.swift; sourceTree = "<group>"; };
		A20FCFBB1E81B6EC00557A5C /* D&D-Master.app */ = {isa = PBXFileReference; explicitFileType = wrapper.application; includeInIndex = 0; path = "D&D-Master.app"; sourceTree = BUILT_PRODUCTS_DIR; };
		A20FCFBE1E81B6EC00557A5C /* AppDelegate.swift */ = {isa = PBXFileReference; lastKnownFileType = sourcecode.swift; path = AppDelegate.swift; sourceTree = "<group>"; };
		A20FCFC51E81B6EC00557A5C /* Base */ = {isa = PBXFileReference; lastKnownFileType = file.storyboard; name = Base; path = Base.lproj/Main.storyboard; sourceTree = "<group>"; };
		A20FCFC71E81B6EC00557A5C /* Assets.xcassets */ = {isa = PBXFileReference; lastKnownFileType = folder.assetcatalog; path = Assets.xcassets; sourceTree = "<group>"; };
		A20FCFCA1E81B6EC00557A5C /* Base */ = {isa = PBXFileReference; lastKnownFileType = file.storyboard; name = Base; path = Base.lproj/LaunchScreen.storyboard; sourceTree = "<group>"; };
		A20FCFCC1E81B6EC00557A5C /* Info.plist */ = {isa = PBXFileReference; lastKnownFileType = text.plist.xml; path = Info.plist; sourceTree = "<group>"; };
		A20FCFD11E81B6EC00557A5C /* D&D-MasterTests.xctest */ = {isa = PBXFileReference; explicitFileType = wrapper.cfbundle; includeInIndex = 0; path = "D&D-MasterTests.xctest"; sourceTree = BUILT_PRODUCTS_DIR; };
		A20FCFD51E81B6EC00557A5C /* D_D_MasterTests.swift */ = {isa = PBXFileReference; lastKnownFileType = sourcecode.swift; path = D_D_MasterTests.swift; sourceTree = "<group>"; };
		A20FCFD71E81B6EC00557A5C /* Info.plist */ = {isa = PBXFileReference; lastKnownFileType = text.plist.xml; path = Info.plist; sourceTree = "<group>"; };
		A20FCFDC1E81B6EC00557A5C /* D&D-MasterUITests.xctest */ = {isa = PBXFileReference; explicitFileType = wrapper.cfbundle; includeInIndex = 0; path = "D&D-MasterUITests.xctest"; sourceTree = BUILT_PRODUCTS_DIR; };
		A20FCFE01E81B6EC00557A5C /* D_D_MasterUITests.swift */ = {isa = PBXFileReference; lastKnownFileType = sourcecode.swift; path = D_D_MasterUITests.swift; sourceTree = "<group>"; };
		A20FCFE21E81B6EC00557A5C /* Info.plist */ = {isa = PBXFileReference; lastKnownFileType = text.plist.xml; path = Info.plist; sourceTree = "<group>"; };
		A2367DF01E82F9B9008BFC43 /* puente.m */ = {isa = PBXFileReference; fileEncoding = 4; lastKnownFileType = sourcecode.c.objc; path = puente.m; sourceTree = "<group>"; };
		A237A4081E832087004D4E22 /* PickerController.swift */ = {isa = PBXFileReference; fileEncoding = 4; lastKnownFileType = sourcecode.swift; path = PickerController.swift; sourceTree = "<group>"; };
/* End PBXFileReference section */

/* Begin PBXFrameworksBuildPhase section */
		A20FCFB81E81B6EB00557A5C /* Frameworks */ = {
			isa = PBXFrameworksBuildPhase;
			buildActionMask = 2147483647;
			files = (
				31B8E7971E8219480060C030 /* libsqlite3.tbd in Frameworks */,
			);
			runOnlyForDeploymentPostprocessing = 0;
		};
		A20FCFCE1E81B6EC00557A5C /* Frameworks */ = {
			isa = PBXFrameworksBuildPhase;
			buildActionMask = 2147483647;
			files = (
			);
			runOnlyForDeploymentPostprocessing = 0;
		};
		A20FCFD91E81B6EC00557A5C /* Frameworks */ = {
			isa = PBXFrameworksBuildPhase;
			buildActionMask = 2147483647;
			files = (
			);
			runOnlyForDeploymentPostprocessing = 0;
		};
/* End PBXFrameworksBuildPhase section */

/* Begin PBXGroup section */
		31B8E7951E8219480060C030 /* Frameworks */ = {
			isa = PBXGroup;
			children = (
				31B8E7961E8219480060C030 /* libsqlite3.tbd */,
			);
			name = Frameworks;
			sourceTree = "<group>";
		};
		A20FCFB21E81B6EB00557A5C = {
			isa = PBXGroup;
			children = (
				A20FCFBD1E81B6EC00557A5C /* D&D-Master */,
				A20FCFD41E81B6EC00557A5C /* D&D-MasterTests */,
				A20FCFDF1E81B6EC00557A5C /* D&D-MasterUITests */,
				A20FCFBC1E81B6EC00557A5C /* Products */,
				31B8E7951E8219480060C030 /* Frameworks */,
			);
			sourceTree = "<group>";
		};
		A20FCFBC1E81B6EC00557A5C /* Products */ = {
			isa = PBXGroup;
			children = (
				A20FCFBB1E81B6EC00557A5C /* D&D-Master.app */,
				A20FCFD11E81B6EC00557A5C /* D&D-MasterTests.xctest */,
				A20FCFDC1E81B6EC00557A5C /* D&D-MasterUITests.xctest */,
			);
			name = Products;
			sourceTree = "<group>";
		};
		A20FCFBD1E81B6EC00557A5C /* D&D-Master */ = {
			isa = PBXGroup;
			children = (
				31B8E7A41E821B270060C030 /* Info.plist */,
				A20FCFBE1E81B6EC00557A5C /* AppDelegate.swift */,
				31C9641B1E8200B00072F37F /* MainViewController.swift */,
				A20FCFC41E81B6EC00557A5C /* Main.storyboard */,
				A237A4081E832087004D4E22 /* PickerController.swift */,
				A20FCFC71E81B6EC00557A5C /* Assets.xcassets */,
				A20FCFC91E81B6EC00557A5C /* LaunchScreen.storyboard */,
				A20FCFCC1E81B6EC00557A5C /* Info.plist */,
				31B8E7981E821B260060C030 /* D&D-Master-Bridging-Header.h */,
				A2367DF01E82F9B9008BFC43 /* puente.m */,
			);
			path = "D&D-Master";
			sourceTree = "<group>";
		};
		A20FCFD41E81B6EC00557A5C /* D&D-MasterTests */ = {
			isa = PBXGroup;
			children = (
				A20FCFD51E81B6EC00557A5C /* D_D_MasterTests.swift */,
				A20FCFD71E81B6EC00557A5C /* Info.plist */,
			);
			path = "D&D-MasterTests";
			sourceTree = "<group>";
		};
		A20FCFDF1E81B6EC00557A5C /* D&D-MasterUITests */ = {
			isa = PBXGroup;
			children = (
				A20FCFE01E81B6EC00557A5C /* D_D_MasterUITests.swift */,
				A20FCFE21E81B6EC00557A5C /* Info.plist */,
			);
			path = "D&D-MasterUITests";
			sourceTree = "<group>";
		};
/* End PBXGroup section */

/* Begin PBXNativeTarget section */
		A20FCFBA1E81B6EB00557A5C /* D&D-Master */ = {
			isa = PBXNativeTarget;
			buildConfigurationList = A20FCFE51E81B6EC00557A5C /* Build configuration list for PBXNativeTarget "D&D-Master" */;
			buildPhases = (
				A20FCFB71E81B6EB00557A5C /* Sources */,
				A20FCFB81E81B6EB00557A5C /* Frameworks */,
				A20FCFB91E81B6EB00557A5C /* Resources */,
			);
			buildRules = (
			);
			dependencies = (
			);
			name = "D&D-Master";
			productName = "D&D-Master";
			productReference = A20FCFBB1E81B6EC00557A5C /* D&D-Master.app */;
			productType = "com.apple.product-type.application";
		};
		A20FCFD01E81B6EC00557A5C /* D&D-MasterTests */ = {
			isa = PBXNativeTarget;
			buildConfigurationList = A20FCFE81E81B6EC00557A5C /* Build configuration list for PBXNativeTarget "D&D-MasterTests" */;
			buildPhases = (
				A20FCFCD1E81B6EC00557A5C /* Sources */,
				A20FCFCE1E81B6EC00557A5C /* Frameworks */,
				A20FCFCF1E81B6EC00557A5C /* Resources */,
			);
			buildRules = (
			);
			dependencies = (
				A20FCFD31E81B6EC00557A5C /* PBXTargetDependency */,
			);
			name = "D&D-MasterTests";
			productName = "D&D-MasterTests";
			productReference = A20FCFD11E81B6EC00557A5C /* D&D-MasterTests.xctest */;
			productType = "com.apple.product-type.bundle.unit-test";
		};
		A20FCFDB1E81B6EC00557A5C /* D&D-MasterUITests */ = {
			isa = PBXNativeTarget;
			buildConfigurationList = A20FCFEB1E81B6EC00557A5C /* Build configuration list for PBXNativeTarget "D&D-MasterUITests" */;
			buildPhases = (
				A20FCFD81E81B6EC00557A5C /* Sources */,
				A20FCFD91E81B6EC00557A5C /* Frameworks */,
				A20FCFDA1E81B6EC00557A5C /* Resources */,
			);
			buildRules = (
			);
			dependencies = (
				A20FCFDE1E81B6EC00557A5C /* PBXTargetDependency */,
			);
			name = "D&D-MasterUITests";
			productName = "D&D-MasterUITests";
			productReference = A20FCFDC1E81B6EC00557A5C /* D&D-MasterUITests.xctest */;
			productType = "com.apple.product-type.bundle.ui-testing";
		};
/* End PBXNativeTarget section */

/* Begin PBXProject section */
		A20FCFB31E81B6EB00557A5C /* Project object */ = {
			isa = PBXProject;
			attributes = {
				LastSwiftUpdateCheck = 0810;
				LastUpgradeCheck = 0820;
				ORGANIZATIONNAME = "Ángel Escobar Márquez";
				TargetAttributes = {
					A20FCFBA1E81B6EB00557A5C = {
						CreatedOnToolsVersion = 8.1;
						DevelopmentTeam = 3NAJ9M447E;
						LastSwiftMigration = 0810;
						ProvisioningStyle = Automatic;
					};
					A20FCFD01E81B6EC00557A5C = {
						CreatedOnToolsVersion = 8.1;
						ProvisioningStyle = Automatic;
						TestTargetID = A20FCFBA1E81B6EB00557A5C;
					};
					A20FCFDB1E81B6EC00557A5C = {
						CreatedOnToolsVersion = 8.1;
						ProvisioningStyle = Automatic;
						TestTargetID = A20FCFBA1E81B6EB00557A5C;
					};
				};
			};
			buildConfigurationList = A20FCFB61E81B6EB00557A5C /* Build configuration list for PBXProject "D&D-Master" */;
			compatibilityVersion = "Xcode 3.2";
			developmentRegion = English;
			hasScannedForEncodings = 0;
			knownRegions = (
				en,
				Base,
			);
			mainGroup = A20FCFB21E81B6EB00557A5C;
			productRefGroup = A20FCFBC1E81B6EC00557A5C /* Products */;
			projectDirPath = "";
			projectRoot = "";
			targets = (
				A20FCFBA1E81B6EB00557A5C /* D&D-Master */,
				A20FCFD01E81B6EC00557A5C /* D&D-MasterTests */,
				A20FCFDB1E81B6EC00557A5C /* D&D-MasterUITests */,
			);
		};
/* End PBXProject section */

/* Begin PBXResourcesBuildPhase section */
		A20FCFB91E81B6EB00557A5C /* Resources */ = {
			isa = PBXResourcesBuildPhase;
			buildActionMask = 2147483647;
			files = (
				31B8E7AA1E821B270060C030 /* Info.plist in Resources */,
				A20FCFCB1E81B6EC00557A5C /* LaunchScreen.storyboard in Resources */,
				A20FCFC81E81B6EC00557A5C /* Assets.xcassets in Resources */,
				A20FCFC61E81B6EC00557A5C /* Main.storyboard in Resources */,
			);
			runOnlyForDeploymentPostprocessing = 0;
		};
		A20FCFCF1E81B6EC00557A5C /* Resources */ = {
			isa = PBXResourcesBuildPhase;
			buildActionMask = 2147483647;
			files = (
			);
			runOnlyForDeploymentPostprocessing = 0;
		};
		A20FCFDA1E81B6EC00557A5C /* Resources */ = {
			isa = PBXResourcesBuildPhase;
			buildActionMask = 2147483647;
			files = (
			);
			runOnlyForDeploymentPostprocessing = 0;
		};
/* End PBXResourcesBuildPhase section */

/* Begin PBXSourcesBuildPhase section */
		A20FCFB71E81B6EB00557A5C /* Sources */ = {
			isa = PBXSourcesBuildPhase;
			buildActionMask = 2147483647;
			files = (
				A20FCFBF1E81B6EC00557A5C /* AppDelegate.swift in Sources */,
				A2367DF11E82F9B9008BFC43 /* puente.m in Sources */,
				31C9641C1E8200B00072F37F /* MainViewController.swift in Sources */,
				A237A4091E832087004D4E22 /* PickerController.swift in Sources */,
			);
			runOnlyForDeploymentPostprocessing = 0;
		};
		A20FCFCD1E81B6EC00557A5C /* Sources */ = {
			isa = PBXSourcesBuildPhase;
			buildActionMask = 2147483647;
			files = (
				A20FCFD61E81B6EC00557A5C /* D_D_MasterTests.swift in Sources */,
			);
			runOnlyForDeploymentPostprocessing = 0;
		};
		A20FCFD81E81B6EC00557A5C /* Sources */ = {
			isa = PBXSourcesBuildPhase;
			buildActionMask = 2147483647;
			files = (
				A20FCFE11E81B6EC00557A5C /* D_D_MasterUITests.swift in Sources */,
			);
			runOnlyForDeploymentPostprocessing = 0;
		};
/* End PBXSourcesBuildPhase section */

/* Begin PBXTargetDependency section */
		A20FCFD31E81B6EC00557A5C /* PBXTargetDependency */ = {
			isa = PBXTargetDependency;
			target = A20FCFBA1E81B6EB00557A5C /* D&D-Master */;
			targetProxy = A20FCFD21E81B6EC00557A5C /* PBXContainerItemProxy */;
		};
		A20FCFDE1E81B6EC00557A5C /* PBXTargetDependency */ = {
			isa = PBXTargetDependency;
			target = A20FCFBA1E81B6EB00557A5C /* D&D-Master */;
			targetProxy = A20FCFDD1E81B6EC00557A5C /* PBXContainerItemProxy */;
		};
/* End PBXTargetDependency section */

/* Begin PBXVariantGroup section */
		A20FCFC41E81B6EC00557A5C /* Main.storyboard */ = {
			isa = PBXVariantGroup;
			children = (
				A20FCFC51E81B6EC00557A5C /* Base */,
			);
			name = Main.storyboard;
			sourceTree = "<group>";
		};
		A20FCFC91E81B6EC00557A5C /* LaunchScreen.storyboard */ = {
			isa = PBXVariantGroup;
			children = (
				A20FCFCA1E81B6EC00557A5C /* Base */,
			);
			name = LaunchScreen.storyboard;
			sourceTree = "<group>";
		};
/* End PBXVariantGroup section */

/* Begin XCBuildConfiguration section */
		A20FCFE31E81B6EC00557A5C /* Debug */ = {
			isa = XCBuildConfiguration;
			buildSettings = {
				ALWAYS_SEARCH_USER_PATHS = NO;
				CLANG_ANALYZER_NONNULL = YES;
				CLANG_CXX_LANGUAGE_STANDARD = "gnu++0x";
				CLANG_CXX_LIBRARY = "libc++";
				CLANG_ENABLE_MODULES = YES;
				CLANG_ENABLE_OBJC_ARC = YES;
				CLANG_WARN_BOOL_CONVERSION = YES;
				CLANG_WARN_CONSTANT_CONVERSION = YES;
				CLANG_WARN_DIRECT_OBJC_ISA_USAGE = YES_ERROR;
				CLANG_WARN_DOCUMENTATION_COMMENTS = YES;
				CLANG_WARN_EMPTY_BODY = YES;
				CLANG_WARN_ENUM_CONVERSION = YES;
				CLANG_WARN_INFINITE_RECURSION = YES;
				CLANG_WARN_INT_CONVERSION = YES;
				CLANG_WARN_OBJC_ROOT_CLASS = YES_ERROR;
				CLANG_WARN_SUSPICIOUS_MOVE = YES;
				CLANG_WARN_SUSPICIOUS_MOVES = YES;
				CLANG_WARN_UNREACHABLE_CODE = YES;
				CLANG_WARN__DUPLICATE_METHOD_MATCH = YES;
				"CODE_SIGN_IDENTITY[sdk=iphoneos*]" = "iPhone Developer";
				COPY_PHASE_STRIP = NO;
				DEBUG_INFORMATION_FORMAT = dwarf;
				ENABLE_STRICT_OBJC_MSGSEND = YES;
				ENABLE_TESTABILITY = YES;
				GCC_C_LANGUAGE_STANDARD = gnu99;
				GCC_DYNAMIC_NO_PIC = NO;
				GCC_NO_COMMON_BLOCKS = YES;
				GCC_OPTIMIZATION_LEVEL = 0;
				GCC_PREPROCESSOR_DEFINITIONS = (
					"DEBUG=1",
					"$(inherited)",
				);
				GCC_WARN_64_TO_32_BIT_CONVERSION = YES;
				GCC_WARN_ABOUT_RETURN_TYPE = YES_ERROR;
				GCC_WARN_UNDECLARED_SELECTOR = YES;
				GCC_WARN_UNINITIALIZED_AUTOS = YES_AGGRESSIVE;
				GCC_WARN_UNUSED_FUNCTION = YES;
				GCC_WARN_UNUSED_VARIABLE = YES;
				IPHONEOS_DEPLOYMENT_TARGET = 10.1;
				MTL_ENABLE_DEBUG_INFO = YES;
				ONLY_ACTIVE_ARCH = YES;
				SDKROOT = iphoneos;
				SWIFT_ACTIVE_COMPILATION_CONDITIONS = DEBUG;
				SWIFT_OPTIMIZATION_LEVEL = "-Onone";
				TARGETED_DEVICE_FAMILY = "1,2";
			};
			name = Debug;
		};
		A20FCFE41E81B6EC00557A5C /* Release */ = {
			isa = XCBuildConfiguration;
			buildSettings = {
				ALWAYS_SEARCH_USER_PATHS = NO;
				CLANG_ANALYZER_NONNULL = YES;
				CLANG_CXX_LANGUAGE_STANDARD = "gnu++0x";
				CLANG_CXX_LIBRARY = "libc++";
				CLANG_ENABLE_MODULES = YES;
				CLANG_ENABLE_OBJC_ARC = YES;
				CLANG_WARN_BOOL_CONVERSION = YES;
				CLANG_WARN_CONSTANT_CONVERSION = YES;
				CLANG_WARN_DIRECT_OBJC_ISA_USAGE = YES_ERROR;
				CLANG_WARN_DOCUMENTATION_COMMENTS = YES;
				CLANG_WARN_EMPTY_BODY = YES;
				CLANG_WARN_ENUM_CONVERSION = YES;
				CLANG_WARN_INFINITE_RECURSION = YES;
				CLANG_WARN_INT_CONVERSION = YES;
				CLANG_WARN_OBJC_ROOT_CLASS = YES_ERROR;
				CLANG_WARN_SUSPICIOUS_MOVE = YES;
				CLANG_WARN_SUSPICIOUS_MOVES = YES;
				CLANG_WARN_UNREACHABLE_CODE = YES;
				CLANG_WARN__DUPLICATE_METHOD_MATCH = YES;
				"CODE_SIGN_IDENTITY[sdk=iphoneos*]" = "iPhone Developer";
				COPY_PHASE_STRIP = NO;
				DEBUG_INFORMATION_FORMAT = "dwarf-with-dsym";
				ENABLE_NS_ASSERTIONS = NO;
				ENABLE_STRICT_OBJC_MSGSEND = YES;
				GCC_C_LANGUAGE_STANDARD = gnu99;
				GCC_NO_COMMON_BLOCKS = YES;
				GCC_WARN_64_TO_32_BIT_CONVERSION = YES;
				GCC_WARN_ABOUT_RETURN_TYPE = YES_ERROR;
				GCC_WARN_UNDECLARED_SELECTOR = YES;
				GCC_WARN_UNINITIALIZED_AUTOS = YES_AGGRESSIVE;
				GCC_WARN_UNUSED_FUNCTION = YES;
				GCC_WARN_UNUSED_VARIABLE = YES;
				IPHONEOS_DEPLOYMENT_TARGET = 10.1;
				MTL_ENABLE_DEBUG_INFO = NO;
				SDKROOT = iphoneos;
				SWIFT_OPTIMIZATION_LEVEL = "-Owholemodule";
				TARGETED_DEVICE_FAMILY = "1,2";
				VALIDATE_PRODUCT = YES;
			};
			name = Release;
		};
		A20FCFE61E81B6EC00557A5C /* Debug */ = {
			isa = XCBuildConfiguration;
			buildSettings = {
				ASSETCATALOG_COMPILER_APPICON_NAME = AppIcon;
				CLANG_ENABLE_MODULES = YES;
				DEVELOPMENT_TEAM = 3NAJ9M447E;
				INFOPLIST_FILE = "D&D-Master/Info.plist";
				IPHONEOS_DEPLOYMENT_TARGET = 9.3;
				LD_RUNPATH_SEARCH_PATHS = "$(inherited) @executable_path/Frameworks";
				PRODUCT_BUNDLE_IDENTIFIER = "com.aem.D-D-Master";
				PRODUCT_NAME = "$(TARGET_NAME)";
				SWIFT_OBJC_BRIDGING_HEADER = "D&D-Master/D&D-Master-Bridging-Header.h";
				SWIFT_OPTIMIZATION_LEVEL = "-Onone";
				SWIFT_VERSION = 3.0;
			};
			name = Debug;
		};
		A20FCFE71E81B6EC00557A5C /* Release */ = {
			isa = XCBuildConfiguration;
			buildSettings = {
				ASSETCATALOG_COMPILER_APPICON_NAME = AppIcon;
				CLANG_ENABLE_MODULES = YES;
				DEVELOPMENT_TEAM = 3NAJ9M447E;
				INFOPLIST_FILE = "D&D-Master/Info.plist";
				IPHONEOS_DEPLOYMENT_TARGET = 9.3;
				LD_RUNPATH_SEARCH_PATHS = "$(inherited) @executable_path/Frameworks";
				PRODUCT_BUNDLE_IDENTIFIER = "com.aem.D-D-Master";
				PRODUCT_NAME = "$(TARGET_NAME)";
				SWIFT_OBJC_BRIDGING_HEADER = "D&D-Master/D&D-Master-Bridging-Header.h";
				SWIFT_VERSION = 3.0;
			};
			name = Release;
		};
		A20FCFE91E81B6EC00557A5C /* Debug */ = {
			isa = XCBuildConfiguration;
			buildSettings = {
				ALWAYS_EMBED_SWIFT_STANDARD_LIBRARIES = YES;
				BUNDLE_LOADER = "$(TEST_HOST)";
				INFOPLIST_FILE = "D&D-MasterTests/Info.plist";
				LD_RUNPATH_SEARCH_PATHS = "$(inherited) @executable_path/Frameworks @loader_path/Frameworks";
				PRODUCT_BUNDLE_IDENTIFIER = "com.aem.D-D-MasterTests";
				PRODUCT_NAME = "$(TARGET_NAME)";
				SWIFT_VERSION = 3.0;
				TEST_HOST = "$(BUILT_PRODUCTS_DIR)/D&D-Master.app/D&D-Master";
			};
			name = Debug;
		};
		A20FCFEA1E81B6EC00557A5C /* Release */ = {
			isa = XCBuildConfiguration;
			buildSettings = {
				ALWAYS_EMBED_SWIFT_STANDARD_LIBRARIES = YES;
				BUNDLE_LOADER = "$(TEST_HOST)";
				INFOPLIST_FILE = "D&D-MasterTests/Info.plist";
				LD_RUNPATH_SEARCH_PATHS = "$(inherited) @executable_path/Frameworks @loader_path/Frameworks";
				PRODUCT_BUNDLE_IDENTIFIER = "com.aem.D-D-MasterTests";
				PRODUCT_NAME = "$(TARGET_NAME)";
				SWIFT_VERSION = 3.0;
				TEST_HOST = "$(BUILT_PRODUCTS_DIR)/D&D-Master.app/D&D-Master";
			};
			name = Release;
		};
		A20FCFEC1E81B6EC00557A5C /* Debug */ = {
			isa = XCBuildConfiguration;
			buildSettings = {
				ALWAYS_EMBED_SWIFT_STANDARD_LIBRARIES = YES;
				INFOPLIST_FILE = "D&D-MasterUITests/Info.plist";
				LD_RUNPATH_SEARCH_PATHS = "$(inherited) @executable_path/Frameworks @loader_path/Frameworks";
				PRODUCT_BUNDLE_IDENTIFIER = "com.aem.D-D-MasterUITests";
				PRODUCT_NAME = "$(TARGET_NAME)";
				SWIFT_VERSION = 3.0;
				TEST_TARGET_NAME = "D&D-Master";
			};
			name = Debug;
		};
		A20FCFED1E81B6EC00557A5C /* Release */ = {
			isa = XCBuildConfiguration;
			buildSettings = {
				ALWAYS_EMBED_SWIFT_STANDARD_LIBRARIES = YES;
				INFOPLIST_FILE = "D&D-MasterUITests/Info.plist";
				LD_RUNPATH_SEARCH_PATHS = "$(inherited) @executable_path/Frameworks @loader_path/Frameworks";
				PRODUCT_BUNDLE_IDENTIFIER = "com.aem.D-D-MasterUITests";
				PRODUCT_NAME = "$(TARGET_NAME)";
				SWIFT_VERSION = 3.0;
				TEST_TARGET_NAME = "D&D-Master";
			};
			name = Release;
		};
/* End XCBuildConfiguration section */

/* Begin XCConfigurationList section */
		A20FCFB61E81B6EB00557A5C /* Build configuration list for PBXProject "D&D-Master" */ = {
			isa = XCConfigurationList;
			buildConfigurations = (
				A20FCFE31E81B6EC00557A5C /* Debug */,
				A20FCFE41E81B6EC00557A5C /* Release */,
			);
			defaultConfigurationIsVisible = 0;
			defaultConfigurationName = Release;
		};
		A20FCFE51E81B6EC00557A5C /* Build configuration list for PBXNativeTarget "D&D-Master" */ = {
			isa = XCConfigurationList;
			buildConfigurations = (
				A20FCFE61E81B6EC00557A5C /* Debug */,
				A20FCFE71E81B6EC00557A5C /* Release */,
			);
			defaultConfigurationIsVisible = 0;
			defaultConfigurationName = Release;
		};
		A20FCFE81E81B6EC00557A5C /* Build configuration list for PBXNativeTarget "D&D-MasterTests" */ = {
			isa = XCConfigurationList;
			buildConfigurations = (
				A20FCFE91E81B6EC00557A5C /* Debug */,
				A20FCFEA1E81B6EC00557A5C /* Release */,
			);
			defaultConfigurationIsVisible = 0;
			defaultConfigurationName = Release;
		};
		A20FCFEB1E81B6EC00557A5C /* Build configuration list for PBXNativeTarget "D&D-MasterUITests" */ = {
			isa = XCConfigurationList;
			buildConfigurations = (
				A20FCFEC1E81B6EC00557A5C /* Debug */,
				A20FCFED1E81B6EC00557A5C /* Release */,
			);
			defaultConfigurationIsVisible = 0;
			defaultConfigurationName = Release;
		};
/* End XCConfigurationList section */
	};
	rootObject = A20FCFB31E81B6EB00557A5C /* Project object */;
}
